# This file was autogenerated by Stack.
# You should not edit this file by hand.
# For more information, please see the documentation at:
#   https://docs.haskellstack.org/en/stable/lock_files

packages:
- completed:
    hackage: generic-lens-2.2.0.0@sha256:4008a39f464e377130346e46062e2ac1211f9d2e256bbb1857216e889c7196be,3867
    pantry-tree:
      size: 2470
      sha256: 93d7aae1de4cbbb2e3320b357cd744618cb17356989bd417d374aa73331e7370
  original:
    hackage: generic-lens-2.2.0.0@sha256:4008a39f464e377130346e46062e2ac1211f9d2e256bbb1857216e889c7196be,3867
- completed:
    hackage: generic-lens-core-2.2.0.0@sha256:b6b69e992f15fa80001de737f41f2123059011a1163d6c8941ce2e3ab44f8c03,2913
    pantry-tree:
      size: 2202
      sha256: 6918fb47f34ecf4246778b229911693b6e20fc2ce94ae8c89d69a89db4e72269
  original:
    hackage: generic-lens-core-2.2.0.0@sha256:b6b69e992f15fa80001de737f41f2123059011a1163d6c8941ce2e3ab44f8c03,2913
- completed:
    hackage: hashable-1.3.5.0@sha256:47d1232d9788bb909cfbd80618de18dcdfb925609593e202912bd5841db138c1,4193
    pantry-tree:
      size: 1248
      sha256: adde5ecc080faa094750544837937cf876e65bf5bf28d81db22e7401faa46bf3
  original:
    hackage: hashable-1.3.5.0@sha256:47d1232d9788bb909cfbd80618de18dcdfb925609593e202912bd5841db138c1,4193
- completed:
    hackage: lens-5.1@sha256:eb01fc4b1cfbad0e94c497eaf7b9f0e9b6c3dc7645c8b4597da7dc9d579f8500,14519
    pantry-tree:
      size: 8214
      sha256: 6236dbada87c86dfc74c3260acc674145b2773b354ac040c65abc54740452e07
  original:
    hackage: lens-5.1@sha256:eb01fc4b1cfbad0e94c497eaf7b9f0e9b6c3dc7645c8b4597da7dc9d579f8500,14519
- completed:
    hackage: polysemy-1.7.1.0@sha256:3ead7a332abd70b202920ed3bf2e36866de163f821e643adfdcc9d39867b8033,5977
    pantry-tree:
      size: 4577
      sha256: 22f540602a4d5565d4d90bc6084eb4e578f1ed934917a4efd6b01f5b90f49fea
  original:
    hackage: polysemy-1.7.1.0@sha256:3ead7a332abd70b202920ed3bf2e36866de163f821e643adfdcc9d39867b8033,5977
- completed:
    hackage: time-compat-1.9.6.1@sha256:42d8f2e08e965e1718917d54ad69e1d06bd4b87d66c41dc7410f59313dba4ed1,5033
    pantry-tree:
      size: 4113
      sha256: b262c5ae8d72d2073d12e1de1863abd234fad8c138df28f32bb51bc232ced608
  original:
    hackage: time-compat-1.9.6.1@sha256:42d8f2e08e965e1718917d54ad69e1d06bd4b87d66c41dc7410f59313dba4ed1,5033
- completed:
    hackage: tomland-1.3.3.1@sha256:83a8fd26a97164100541f7b26aa40ffdc6f230b21e94cbb3eae1fb7093c4356e,8924
    pantry-tree:
      size: 6430
      sha256: 0e3bdbd32955944c3ee9ff0f47dc765d25ab6be4a336c6d735eed8eb9bc8ce27
  original:
    hackage: tomland-1.3.3.1@sha256:83a8fd26a97164100541f7b26aa40ffdc6f230b21e94cbb3eae1fb7093c4356e,8924
- completed:
    hackage: doctest-parallel-0.2.1@sha256:c6c0d095dd6e0b8ce1bd9f6f5fc4e0cf5cf50b6895b557356ac41b8aa2947399,5631
    pantry-tree:
      size: 7415
      sha256: 8dbc2bc8c5dc5a97f3f0c4fa49f77bddc6d55a5b524f15432a8fb9c3a5aae2ce
  original:
    hackage: doctest-parallel-0.2.1
snapshots:
- completed:
    size: 587819
    url: https://raw.githubusercontent.com/commercialhaskell/stackage-snapshots/master/lts/18/23.yaml
    sha256: 7f69bb29a57495586e7e3ed31ecc59c0d2c959cb23bd52b71ca676f254c9beb1
  original: lts-18.23
